
Microsoft Visual Studio Solution File, Format Version 12.00
# Visual Studio Version 17
VisualStudioVersion = 17.8.34322.80
MinimumVisualStudioVersion = 10.0.40219.1
Project("{FAE04EC0-301F-11D3-BF4B-00C04F79EFBC}") = "WeddingProject", "WeddingProject.csproj", "{B4F574E7-93B3-4713-93F8-1B4D0D268F5C}"
EndProject
Global
	GlobalSection(SolutionConfigurationPlatforms) = preSolution
		Debug|Any CPU = Debug|Any CPU
		Release|Any CPU = Release|Any CPU
	EndGlobalSection
	GlobalSection(ProjectConfigurationPlatforms) = postSolution
		{B4F574E7-93B3-4713-93F8-1B4D0D268F5C}.Debug|Any CPU.ActiveCfg = Debug|Any CPU
		{B4F574E7-93B3-4713-93F8-1B4D0D268F5C}.Debug|Any CPU.Build.0 = Debug|Any CPU
		{B4F574E7-93B3-4713-93F8-1B4D0D268F5C}.Release|Any CPU.ActiveCfg = Release|Any CPU
		{B4F574E7-93B3-4713-93F8-1B4D0D268F5C}.Release|Any CPU.Build.0 = Release|Any CPU
	EndGlobalSection
	GlobalSection(SolutionProperties) = preSolution
		HideSolutionNode = FALSE
	EndGlobalSection
	GlobalSection(ExtensibilityGlobals) = postSolution
		SolutionGuid = {63CC8A2E-E9BD-4D56-864F-C44EBF83CB4B}
	EndGlobalSection
EndGlobal
